// !$*UTF8*$!
{
	archiveVersion = 1;
	classes = {
	};
	objectVersion = 50;
	objects = {

/* Begin PBXBuildFile section */
		37936B2723043D8B001A063A /* AppDelegate.swift in Sources */ = {isa = PBXBuildFile; fileRef = 37936B2623043D8B001A063A /* AppDelegate.swift */; };
		37936B2923043D8B001A063A /* ViewController.swift in Sources */ = {isa = PBXBuildFile; fileRef = 37936B2823043D8B001A063A /* ViewController.swift */; };
		37936B2C23043D8B001A063A /* Main.storyboard in Resources */ = {isa = PBXBuildFile; fileRef = 37936B2A23043D8B001A063A /* Main.storyboard */; };
		37936B2E23043D8E001A063A /* Assets.xcassets in Resources */ = {isa = PBXBuildFile; fileRef = 37936B2D23043D8E001A063A /* Assets.xcassets */; };
		37936B3123043D8E001A063A /* LaunchScreen.storyboard in Resources */ = {isa = PBXBuildFile; fileRef = 37936B2F23043D8E001A063A /* LaunchScreen.storyboard */; };
		37936B3923044A67001A063A /* Location.swift in Sources */ = {isa = PBXBuildFile; fileRef = 37936B3823044A67001A063A /* Location.swift */; };
		37936B3B230455D0001A063A /* Route.gpx in Resources */ = {isa = PBXBuildFile; fileRef = 37936B3A230455D0001A063A /* Route.gpx */; };
/* End PBXBuildFile section */

/* Begin PBXFileReference section */
		37936B2323043D8B001A063A /* BackgroundLocation.app */ = {isa = PBXFileReference; explicitFileType = wrapper.application; includeInIndex = 0; path = BackgroundLocation.app; sourceTree = BUILT_PRODUCTS_DIR; };
		37936B2623043D8B001A063A /* AppDelegate.swift */ = {isa = PBXFileReference; lastKnownFileType = sourcecode.swift; path = AppDelegate.swift; sourceTree = "<group>"; };
		37936B2823043D8B001A063A /* ViewController.swift */ = {isa = PBXFileReference; lastKnownFileType = sourcecode.swift; path = ViewController.swift; sourceTree = "<group>"; };
		37936B2B23043D8B001A063A /* Base */ = {isa = PBXFileReference; lastKnownFileType = file.storyboard; name = Base; path = Base.lproj/Main.storyboard; sourceTree = "<group>"; };
		37936B2D23043D8E001A063A /* Assets.xcassets */ = {isa = PBXFileReference; lastKnownFileType = folder.assetcatalog; path = Assets.xcassets; sourceTree = "<group>"; };
		37936B3023043D8E001A063A /* Base */ = {isa = PBXFileReference; lastKnownFileType = file.storyboard; name = Base; path = Base.lproj/LaunchScreen.storyboard; sourceTree = "<group>"; };
		37936B3223043D8E001A063A /* Info.plist */ = {isa = PBXFileReference; lastKnownFileType = text.plist.xml; path = Info.plist; sourceTree = "<group>"; };
		37936B3823044A67001A063A /* Location.swift */ = {isa = PBXFileReference; lastKnownFileType = sourcecode.swift; path = Location.swift; sourceTree = "<group>"; };
		37936B3A230455D0001A063A /* Route.gpx */ = {isa = PBXFileReference; fileEncoding = 4; lastKnownFileType = text.xml; path = Route.gpx; sourceTree = "<group>"; };
/* End PBXFileReference section */

/* Begin PBXFrameworksBuildPhase section */
		37936B2023043D8B001A063A /* Frameworks */ = {
			isa = PBXFrameworksBuildPhase;
			buildActionMask = 2147483647;
			files = (
			);
			runOnlyForDeploymentPostprocessing = 0;
		};
/* End PBXFrameworksBuildPhase section */

/* Begin PBXGroup section */
		37936B1A23043D8B001A063A = {
			isa = PBXGroup;
			children = (
				37936B3A230455D0001A063A /* Route.gpx */,
				37936B2523043D8B001A063A /* BackgroundLocation */,
				37936B2423043D8B001A063A /* Products */,
			);
			sourceTree = "<group>";
		};
		37936B2423043D8B001A063A /* Products */ = {
			isa = PBXGroup;
			children = (
				37936B2323043D8B001A063A /* BackgroundLocation.app */,
			);
			name = Products;
			sourceTree = "<group>";
		};
		37936B2523043D8B001A063A /* BackgroundLocation */ = {
			isa = PBXGroup;
			children = (
				37936B2623043D8B001A063A /* AppDelegate.swift */,
				37936B3823044A67001A063A /* Location.swift */,
				37936B2823043D8B001A063A /* ViewController.swift */,
				37936B2A23043D8B001A063A /* Main.storyboard */,
				37936B2D23043D8E001A063A /* Assets.xcassets */,
				37936B2F23043D8E001A063A /* LaunchScreen.storyboard */,
				37936B3223043D8E001A063A /* Info.plist */,
			);
			path = BackgroundLocation;
			sourceTree = "<group>";
		};
/* End PBXGroup section */

/* Begin PBXNativeTarget section */
		37936B2223043D8B001A063A /* BackgroundLocation */ = {
			isa = PBXNativeTarget;
			buildConfigurationList = 37936B3523043D8E001A063A /* Build configuration list for PBXNativeTarget "BackgroundLocation" */;
			buildPhases = (
				37936B1F23043D8B001A063A /* Sources */,
				37936B2023043D8B001A063A /* Frameworks */,
				37936B2123043D8B001A063A /* Resources */,
			);
			buildRules = (
			);
			dependencies = (
			);
			name = BackgroundLocation;
			productName = BackgroundLocation;
			productReference = 37936B2323043D8B001A063A /* BackgroundLocation.app */;
			productType = "com.apple.product-type.application";
		};
/* End PBXNativeTarget section */

/* Begin PBXProject section */
		37936B1B23043D8B001A063A /* Project object */ = {
			isa = PBXProject;
			attributes = {
				LastSwiftUpdateCheck = 1030;
				LastUpgradeCheck = 1030;
				ORGANIZATIONNAME = Self;
				TargetAttributes = {
					37936B2223043D8B001A063A = {
						CreatedOnToolsVersion = 10.3;
						SystemCapabilities = {
							com.apple.BackgroundModes = {
								enabled = 1;
							};
						};
					};
				};
			};
			buildConfigurationList = 37936B1E23043D8B001A063A /* Build configuration list for PBXProject "BackgroundLocation" */;
			compatibilityVersion = "Xcode 9.3";
			developmentRegion = en;
			hasScannedForEncodings = 0;
			knownRegions = (
				en,
				Base,
			);
			mainGroup = 37936B1A23043D8B001A063A;
			productRefGroup = 37936B2423043D8B001A063A /* Products */;
			projectDirPath = "";
			projectRoot = "";
			targets = (
				37936B2223043D8B001A063A /* BackgroundLocation */,
			);
		};
/* End PBXProject section */

/* Begin PBXResourcesBuildPhase section */
		37936B2123043D8B001A063A /* Resources */ = {
			isa = PBXResourcesBuildPhase;
			buildActionMask = 2147483647;
			files = (
				37936B3123043D8E001A063A /* LaunchScreen.storyboard in Resources */,
				37936B3B230455D0001A063A /* Route.gpx in Resources */,
				37936B2E23043D8E001A063A /* Assets.xcassets in Resources */,
				37936B2C23043D8B001A063A /* Main.storyboard in Resources */,
			);
			runOnlyForDeploymentPostprocessing = 0;
		};
/* End PBXResourcesBuildPhase section */

/* Begin PBXSourcesBuildPhase section */
		37936B1F23043D8B001A063A /* Sources */ = {
			isa = PBXSourcesBuildPhase;
			buildActionMask = 2147483647;
			files = (
				37936B2923043D8B001A063A /* ViewController.swift in Sources */,
				37936B3923044A67001A063A /* Location.swift in Sources */,
				37936B2723043D8B001A063A /* AppDelegate.swift in Sources */,
			);
			runOnlyForDeploymentPostprocessing = 0;
		};
/* End PBXSourcesBuildPhase section */

/* Begin PBXVariantGroup section */
		37936B2A23043D8B001A063A /* Main.storyboard */ = {
			isa = PBXVariantGroup;
			children = (
				37936B2B23043D8B001A063A /* Base */,
			);
			name = Main.storyboard;
			sourceTree = "<group>";
		};
		37936B2F23043D8E001A063A /* LaunchScreen.storyboard */ = {
			isa = PBXVariantGroup;
			children = (
				37936B3023043D8E001A063A /* Base */,
			);
			name = LaunchScreen.storyboard;
			sourceTree = "<group>";
		};
/* End PBXVariantGroup section */

/* Begin XCBuildConfiguration section */
		37936B3323043D8E001A063A /* Debug */ = {
			isa = XCBuildConfiguration;
			buildSettings = {
				ALWAYS_SEARCH_USER_PATHS = NO;
				CLANG_ANALYZER_NONNULL = YES;
				CLANG_ANALYZER_NUMBER_OBJECT_CONVERSION = YES_AGGRESSIVE;
				CLANG_CXX_LANGUAGE_STANDARD = "gnu++14";
				CLANG_CXX_LIBRARY = "libc++";
				CLANG_ENABLE_MODULES = YES;
				CLANG_ENABLE_OBJC_ARC = YES;
				CLANG_ENABLE_OBJC_WEAK = YES;
				CLANG_WARN_BLOCK_CAPTURE_AUTORELEASING = YES;
				CLANG_WARN_BOOL_CONVERSION = YES;
				CLANG_WARN_COMMA = YES;
				CLANG_WARN_CONSTANT_CONVERSION = YES;
				CLANG_WARN_DEPRECATED_OBJC_IMPLEMENTATIONS = YES;
				CLANG_WARN_DIRECT_OBJC_ISA_USAGE = YES_ERROR;
				CLANG_WARN_DOCUMENTATION_COMMENTS = YES;
				CLANG_WARN_EMPTY_BODY = YES;
				CLANG_WARN_ENUM_CONVERSION = YES;
				CLANG_WARN_INFINITE_RECURSION = YES;
				CLANG_WARN_INT_CONVERSION = YES;
				CLANG_WARN_NON_LITERAL_NULL_CONVERSION = YES;
				CLANG_WARN_OBJC_IMPLICIT_RETAIN_SELF = YES;
				CLANG_WARN_OBJC_LITERAL_CONVERSION = YES;
				CLANG_WARN_OBJC_ROOT_CLASS = YES_ERROR;
				CLANG_WARN_RANGE_LOOP_ANALYSIS = YES;
				CLANG_WARN_STRICT_PROTOTYPES = YES;
				CLANG_WARN_SUSPICIOUS_MOVE = YES;
				CLANG_WARN_UNGUARDED_AVAILABILITY = YES_AGGRESSIVE;
				CLANG_WARN_UNREACHABLE_CODE = YES;
				CLANG_WARN__DUPLICATE_METHOD_MATCH = YES;
				CODE_SIGN_IDENTITY = "iPhone Developer";
				COPY_PHASE_STRIP = NO;
				DEBUG_INFORMATION_FORMAT = dwarf;
				ENABLE_STRICT_OBJC_MSGSEND = YES;
				ENABLE_TESTABILITY = YES;
				GCC_C_LANGUAGE_STANDARD = gnu11;
				GCC_DYNAMIC_NO_PIC = NO;
				GCC_NO_COMMON_BLOCKS = YES;
				GCC_OPTIMIZATION_LEVEL = 0;
				GCC_PREPROCESSOR_DEFINITIONS = (
					"DEBUG=1",
					"$(inherited)",
				);
				GCC_WARN_64_TO_32_BIT_CONVERSION = YES;
				GCC_WARN_ABOUT_RETURN_TYPE = YES_ERROR;
				GCC_WARN_UNDECLARED_SELECTOR = YES;
				GCC_WARN_UNINITIALIZED_AUTOS = YES_AGGRESSIVE;
				GCC_WARN_UNUSED_FUNCTION = YES;
				GCC_WARN_UNUSED_VARIABLE = YES;
				IPHONEOS_DEPLOYMENT_TARGET = 12.4;
				MTL_ENABLE_DEBUG_INFO = INCLUDE_SOURCE;
				MTL_FAST_MATH = YES;
				ONLY_ACTIVE_ARCH = YES;
				SDKROOT = iphoneos;
				SWIFT_ACTIVE_COMPILATION_CONDITIONS = DEBUG;
				SWIFT_OPTIMIZATION_LEVEL = "-Onone";
			};
			name = Debug;
		};
		37936B3423043D8E001A063A /* Release */ = {
			isa = XCBuildConfiguration;
			buildSettings = {
				ALWAYS_SEARCH_USER_PATHS = NO;
				CLANG_ANALYZER_NONNULL = YES;
				CLANG_ANALYZER_NUMBER_OBJECT_CONVERSION = YES_AGGRESSIVE;
				CLANG_CXX_LANGUAGE_STANDARD = "gnu++14";
				CLANG_CXX_LIBRARY = "libc++";
				CLANG_ENABLE_MODULES = YES;
				CLANG_ENABLE_OBJC_ARC = YES;
				CLANG_ENABLE_OBJC_WEAK = YES;
				CLANG_WARN_BLOCK_CAPTURE_AUTORELEASING = YES;
				CLANG_WARN_BOOL_CONVERSION = YES;
				CLANG_WARN_COMMA = YES;
				CLANG_WARN_CONSTANT_CONVERSION = YES;
				CLANG_WARN_DEPRECATED_OBJC_IMPLEMENTATIONS = YES;
				CLANG_WARN_DIRECT_OBJC_ISA_USAGE = YES_ERROR;
				CLANG_WARN_DOCUMENTATION_COMMENTS = YES;
				CLANG_WARN_EMPTY_BODY = YES;
				CLANG_WARN_ENUM_CONVERSION = YES;
				CLANG_WARN_INFINITE_RECURSION = YES;
				CLANG_WARN_INT_CONVERSION = YES;
				CLANG_WARN_NON_LITERAL_NULL_CONVERSION = YES;
				CLANG_WARN_OBJC_IMPLICIT_RETAIN_SELF = YES;
				CLANG_WARN_OBJC_LITERAL_CONVERSION = YES;
				CLANG_WARN_OBJC_ROOT_CLASS = YES_ERROR;
				CLANG_WARN_RANGE_LOOP_ANALYSIS = YES;
				CLANG_WARN_STRICT_PROTOTYPES = YES;
				CLANG_WARN_SUSPICIOUS_MOVE = YES;
				CLANG_WARN_UNGUARDED_AVAILABILITY = YES_AGGRESSIVE;
				CLANG_WARN_UNREACHABLE_CODE = YES;
				CLANG_WARN__DUPLICATE_METHOD_MATCH = YES;
				CODE_SIGN_IDENTITY = "iPhone Developer";
				COPY_PHASE_STRIP = NO;
				DEBUG_INFORMATION_FORMAT = "dwarf-with-dsym";
				ENABLE_NS_ASSERTIONS = NO;
				ENABLE_STRICT_OBJC_MSGSEND = YES;
				GCC_C_LANGUAGE_STANDARD = gnu11;
				GCC_NO_COMMON_BLOCKS = YES;
				GCC_WARN_64_TO_32_BIT_CONVERSION = YES;
				GCC_WARN_ABOUT_RETURN_TYPE = YES_ERROR;
				GCC_WARN_UNDECLARED_SELECTOR = YES;
				GCC_WARN_UNINITIALIZED_AUTOS = YES_AGGRESSIVE;
				GCC_WARN_UNUSED_FUNCTION = YES;
				GCC_WARN_UNUSED_VARIABLE = YES;
				IPHONEOS_DEPLOYMENT_TARGET = 12.4;
				MTL_ENABLE_DEBUG_INFO = NO;
				MTL_FAST_MATH = YES;
				SDKROOT = iphoneos;
				SWIFT_COMPILATION_MODE = wholemodule;
				SWIFT_OPTIMIZATION_LEVEL = "-O";
				VALIDATE_PRODUCT = YES;
			};
			name = Release;
		};
		37936B3623043D8E001A063A /* Debug */ = {
			isa = XCBuildConfiguration;
			buildSettings = {
				ASSETCATALOG_COMPILER_APPICON_NAME = AppIcon;
				CODE_SIGN_STYLE = Automatic;
				DEVELOPMENT_TEAM = T96RJCPE4C;
				INFOPLIST_FILE = BackgroundLocation/Info.plist;
				LD_RUNPATH_SEARCH_PATHS = (
					"$(inherited)",
					"@executable_path/Frameworks",
				);
				PRODUCT_BUNDLE_IDENTIFIER = br.com.bglocation.BackgroundLocation;
				PRODUCT_NAME = "$(TARGET_NAME)";
				SWIFT_VERSION = 5.0;
				TARGETED_DEVICE_FAMILY = "1,2";
			};
			name = Debug;
		};
		37936B3723043D8E001A063A /* Release */ = {
			isa = XCBuildConfiguration;
			buildSettings = {
				ASSETCATALOG_COMPILER_APPICON_NAME = AppIcon;
				CODE_SIGN_STYLE = Automatic;
				DEVELOPMENT_TEAM = T96RJCPE4C;
				INFOPLIST_FILE = BackgroundLocation/Info.plist;
				LD_RUNPATH_SEARCH_PATHS = (
					"$(inherited)",
					"@executable_path/Frameworks",
				);
				PRODUCT_BUNDLE_IDENTIFIER = br.com.bglocation.BackgroundLocation;
				PRODUCT_NAME = "$(TARGET_NAME)";
				SWIFT_VERSION = 5.0;
				TARGETED_DEVICE_FAMILY = "1,2";
			};
			name = Release;
		};
/* End XCBuildConfiguration section */

/* Begin XCConfigurationList section */
		37936B1E23043D8B001A063A /* Build configuration list for PBXProject "BackgroundLocation" */ = {
			isa = XCConfigurationList;
			buildConfigurations = (
				37936B3323043D8E001A063A /* Debug */,
				37936B3423043D8E001A063A /* Release */,
			);
			defaultConfigurationIsVisible = 0;
			defaultConfigurationName = Release;
		};
		37936B3523043D8E001A063A /* Build configuration list for PBXNativeTarget "BackgroundLocation" */ = {
			isa = XCConfigurationList;
			buildConfigurations = (
				37936B3623043D8E001A063A /* Debug */,
				37936B3723043D8E001A063A /* Release */,
			);
			defaultConfigurationIsVisible = 0;
			defaultConfigurationName = Release;
		};
/* End XCConfigurationList section */
	};
	rootObject = 37936B1B23043D8B001A063A /* Project object */;
}
